
Microsoft Visual Studio Solution File, Format Version 12.00
# Visual Studio Version 16
VisualStudioVersion = 16.0.30611.23
MinimumVisualStudioVersion = 10.0.40219.1
Project("{2150E333-8FDC-42A3-9474-1A3956D46DE8}") = "1 - Presentation", "1 - Presentation", "{BB3EE85B-05DD-4A4D-8F87-36D7FD95B452}"
EndProject
Project("{2150E333-8FDC-42A3-9474-1A3956D46DE8}") = "2 - Application", "2 - Application", "{35BAC4E7-1C7C-439F-8E2F-5539278C9CA8}"
EndProject
Project("{2150E333-8FDC-42A3-9474-1A3956D46DE8}") = "3 - DomainModel", "3 - DomainModel", "{EC88F1DE-C700-475A-B4EA-2B2655202A98}"
EndProject
Project("{2150E333-8FDC-42A3-9474-1A3956D46DE8}") = "WinService", "WinService", "{139C987B-31DA-4D0B-AD12-3F6A75B04E05}"
EndProject
Project("{FAE04EC0-301F-11D3-BF4B-00C04F79EFBC}") = "WindowsServiceGeraFilaCTe", "WindowsServiceGeraFilaCTe\WindowsServiceGeraFilaCTe.csproj", "{39056381-0CAE-428B-A6B1-0D2F1E1A61FD}"
	ProjectSection(ProjectDependencies) = postProject
		{B88C1168-B61F-434F-86EB-A6D7C150D331} = {B88C1168-B61F-434F-86EB-A6D7C150D331}
	EndProjectSection
EndProject
Project("{2150E333-8FDC-42A3-9474-1A3956D46DE8}") = "4 - Infra", "4 - Infra", "{6E5D0F76-6B96-4827-A7C6-5E824D224760}"
EndProject
Project("{9A19103F-16F7-4668-BE54-9A1E7A4F7556}") = "BankTests", "BankTests\BankTests.csproj", "{4BEB9949-CB42-4A21-8F53-FDD978FBAAB1}"
	ProjectSection(ProjectDependencies) = postProject
		{B88C1168-B61F-434F-86EB-A6D7C150D331} = {B88C1168-B61F-434F-86EB-A6D7C150D331}
	EndProjectSection
EndProject
Project("{9A19103F-16F7-4668-BE54-9A1E7A4F7556}") = "HermesService.Infra.Data", "HermesService.Infra.Data\HermesService.Infra.Data.csproj", "{B88C1168-B61F-434F-86EB-A6D7C150D331}"
EndProject
Project("{2150E333-8FDC-42A3-9474-1A3956D46DE8}") = "WebApi", "WebApi", "{161AC818-900A-46C3-B1A3-6EC4493E6058}"
EndProject
Project("{2150E333-8FDC-42A3-9474-1A3956D46DE8}") = "TDD", "TDD", "{CBE756D0-464C-45A3-A78A-91463DAE7E56}"
EndProject
Project("{9A19103F-16F7-4668-BE54-9A1E7A4F7556}") = "HermesService.Application", "HermesService.Application\HermesService.Application.csproj", "{F575EC7F-1E93-45E4-9A19-FD420E851005}"
	ProjectSection(ProjectDependencies) = postProject
		{B88C1168-B61F-434F-86EB-A6D7C150D331} = {B88C1168-B61F-434F-86EB-A6D7C150D331}
	EndProjectSection
EndProject
Project("{9A19103F-16F7-4668-BE54-9A1E7A4F7556}") = "HermesService.Domain", "HermesService.Domain\HermesService.Domain.csproj", "{DEF373C7-DAB5-4E41-BD04-5F6B6B3CA090}"
EndProject
Project("{FAE04EC0-301F-11D3-BF4B-00C04F79EFBC}") = "WindowsServiceProcessarCTeSP", "WindowsServiceProcessarCTeSP\WindowsServiceProcessarCTeSP.csproj", "{D6BCD9EE-D74E-45DF-A77E-1DDDAB919864}"
EndProject
Project("{FAE04EC0-301F-11D3-BF4B-00C04F79EFBC}") = "WindowsServiceRecuperaStatusCTe", "WindowsServiceRecuperaStatusCTe\WindowsServiceRecuperaStatusCTe.csproj", "{FFE28D37-C33D-4A66-8425-2440D5337FE4}"
EndProject
Project("{FAE04EC0-301F-11D3-BF4B-00C04F79EFBC}") = "WindowsServiceProcessaCTeSC", "WindowsServiceProcessaCTePR\WindowsServiceProcessaCTeSC.csproj", "{BC7F07CA-A5AD-445C-BE20-041389998D34}"
EndProject
Project("{FAE04EC0-301F-11D3-BF4B-00C04F79EFBC}") = "TesteFuncoes", "TesteFuncoes\TesteFuncoes.csproj", "{DAEF42F7-BFE5-448C-B99D-3C4C59CF28C4}"
EndProject
Project("{FAE04EC0-301F-11D3-BF4B-00C04F79EFBC}") = "IntegrationService.WebApi", "IntegrationService.WebApi\IntegrationService.WebApi.csproj", "{B46D5A53-CA53-4B98-8A02-B8B92B5D27AD}"
EndProject
Global
	GlobalSection(SolutionConfigurationPlatforms) = preSolution
		Debug|Any CPU = Debug|Any CPU
		Release|Any CPU = Release|Any CPU
	EndGlobalSection
	GlobalSection(ProjectConfigurationPlatforms) = postSolution
		{39056381-0CAE-428B-A6B1-0D2F1E1A61FD}.Debug|Any CPU.ActiveCfg = Debug|Any CPU
		{39056381-0CAE-428B-A6B1-0D2F1E1A61FD}.Debug|Any CPU.Build.0 = Debug|Any CPU
		{39056381-0CAE-428B-A6B1-0D2F1E1A61FD}.Release|Any CPU.ActiveCfg = Release|Any CPU
		{39056381-0CAE-428B-A6B1-0D2F1E1A61FD}.Release|Any CPU.Build.0 = Release|Any CPU
		{4BEB9949-CB42-4A21-8F53-FDD978FBAAB1}.Debug|Any CPU.ActiveCfg = Debug|Any CPU
		{4BEB9949-CB42-4A21-8F53-FDD978FBAAB1}.Debug|Any CPU.Build.0 = Debug|Any CPU
		{4BEB9949-CB42-4A21-8F53-FDD978FBAAB1}.Release|Any CPU.ActiveCfg = Release|Any CPU
		{4BEB9949-CB42-4A21-8F53-FDD978FBAAB1}.Release|Any CPU.Build.0 = Release|Any CPU
		{B88C1168-B61F-434F-86EB-A6D7C150D331}.Debug|Any CPU.ActiveCfg = Debug|Any CPU
		{B88C1168-B61F-434F-86EB-A6D7C150D331}.Debug|Any CPU.Build.0 = Debug|Any CPU
		{B88C1168-B61F-434F-86EB-A6D7C150D331}.Release|Any CPU.ActiveCfg = Release|Any CPU
		{B88C1168-B61F-434F-86EB-A6D7C150D331}.Release|Any CPU.Build.0 = Release|Any CPU
		{F575EC7F-1E93-45E4-9A19-FD420E851005}.Debug|Any CPU.ActiveCfg = Debug|Any CPU
		{F575EC7F-1E93-45E4-9A19-FD420E851005}.Debug|Any CPU.Build.0 = Debug|Any CPU
		{F575EC7F-1E93-45E4-9A19-FD420E851005}.Release|Any CPU.ActiveCfg = Release|Any CPU
		{F575EC7F-1E93-45E4-9A19-FD420E851005}.Release|Any CPU.Build.0 = Release|Any CPU
		{DEF373C7-DAB5-4E41-BD04-5F6B6B3CA090}.Debug|Any CPU.ActiveCfg = Debug|Any CPU
		{DEF373C7-DAB5-4E41-BD04-5F6B6B3CA090}.Debug|Any CPU.Build.0 = Debug|Any CPU
		{DEF373C7-DAB5-4E41-BD04-5F6B6B3CA090}.Release|Any CPU.ActiveCfg = Release|Any CPU
		{DEF373C7-DAB5-4E41-BD04-5F6B6B3CA090}.Release|Any CPU.Build.0 = Release|Any CPU
		{D6BCD9EE-D74E-45DF-A77E-1DDDAB919864}.Debug|Any CPU.ActiveCfg = Debug|Any CPU
		{D6BCD9EE-D74E-45DF-A77E-1DDDAB919864}.Debug|Any CPU.Build.0 = Debug|Any CPU
		{D6BCD9EE-D74E-45DF-A77E-1DDDAB919864}.Release|Any CPU.ActiveCfg = Release|Any CPU
		{D6BCD9EE-D74E-45DF-A77E-1DDDAB919864}.Release|Any CPU.Build.0 = Release|Any CPU
		{FFE28D37-C33D-4A66-8425-2440D5337FE4}.Debug|Any CPU.ActiveCfg = Debug|Any CPU
		{FFE28D37-C33D-4A66-8425-2440D5337FE4}.Debug|Any CPU.Build.0 = Debug|Any CPU
		{FFE28D37-C33D-4A66-8425-2440D5337FE4}.Release|Any CPU.ActiveCfg = Release|Any CPU
		{FFE28D37-C33D-4A66-8425-2440D5337FE4}.Release|Any CPU.Build.0 = Release|Any CPU
		{BC7F07CA-A5AD-445C-BE20-041389998D34}.Debug|Any CPU.ActiveCfg = Debug|Any CPU
		{BC7F07CA-A5AD-445C-BE20-041389998D34}.Debug|Any CPU.Build.0 = Debug|Any CPU
		{BC7F07CA-A5AD-445C-BE20-041389998D34}.Release|Any CPU.ActiveCfg = Release|Any CPU
		{BC7F07CA-A5AD-445C-BE20-041389998D34}.Release|Any CPU.Build.0 = Release|Any CPU
		{DAEF42F7-BFE5-448C-B99D-3C4C59CF28C4}.Debug|Any CPU.ActiveCfg = Debug|Any CPU
		{DAEF42F7-BFE5-448C-B99D-3C4C59CF28C4}.Debug|Any CPU.Build.0 = Debug|Any CPU
		{DAEF42F7-BFE5-448C-B99D-3C4C59CF28C4}.Release|Any CPU.ActiveCfg = Release|Any CPU
		{DAEF42F7-BFE5-448C-B99D-3C4C59CF28C4}.Release|Any CPU.Build.0 = Release|Any CPU
		{B46D5A53-CA53-4B98-8A02-B8B92B5D27AD}.Debug|Any CPU.ActiveCfg = Debug|Any CPU
		{B46D5A53-CA53-4B98-8A02-B8B92B5D27AD}.Debug|Any CPU.Build.0 = Debug|Any CPU
		{B46D5A53-CA53-4B98-8A02-B8B92B5D27AD}.Release|Any CPU.ActiveCfg = Release|Any CPU
		{B46D5A53-CA53-4B98-8A02-B8B92B5D27AD}.Release|Any CPU.Build.0 = Release|Any CPU
	EndGlobalSection
	GlobalSection(SolutionProperties) = preSolution
		HideSolutionNode = FALSE
	EndGlobalSection
	GlobalSection(NestedProjects) = preSolution
		{139C987B-31DA-4D0B-AD12-3F6A75B04E05} = {BB3EE85B-05DD-4A4D-8F87-36D7FD95B452}
		{39056381-0CAE-428B-A6B1-0D2F1E1A61FD} = {139C987B-31DA-4D0B-AD12-3F6A75B04E05}
		{4BEB9949-CB42-4A21-8F53-FDD978FBAAB1} = {CBE756D0-464C-45A3-A78A-91463DAE7E56}
		{B88C1168-B61F-434F-86EB-A6D7C150D331} = {6E5D0F76-6B96-4827-A7C6-5E824D224760}
		{161AC818-900A-46C3-B1A3-6EC4493E6058} = {BB3EE85B-05DD-4A4D-8F87-36D7FD95B452}
		{CBE756D0-464C-45A3-A78A-91463DAE7E56} = {BB3EE85B-05DD-4A4D-8F87-36D7FD95B452}
		{F575EC7F-1E93-45E4-9A19-FD420E851005} = {35BAC4E7-1C7C-439F-8E2F-5539278C9CA8}
		{DEF373C7-DAB5-4E41-BD04-5F6B6B3CA090} = {EC88F1DE-C700-475A-B4EA-2B2655202A98}
		{D6BCD9EE-D74E-45DF-A77E-1DDDAB919864} = {139C987B-31DA-4D0B-AD12-3F6A75B04E05}
		{FFE28D37-C33D-4A66-8425-2440D5337FE4} = {139C987B-31DA-4D0B-AD12-3F6A75B04E05}
		{BC7F07CA-A5AD-445C-BE20-041389998D34} = {139C987B-31DA-4D0B-AD12-3F6A75B04E05}
		{DAEF42F7-BFE5-448C-B99D-3C4C59CF28C4} = {CBE756D0-464C-45A3-A78A-91463DAE7E56}
		{B46D5A53-CA53-4B98-8A02-B8B92B5D27AD} = {161AC818-900A-46C3-B1A3-6EC4493E6058}
	EndGlobalSection
	GlobalSection(ExtensibilityGlobals) = postSolution
		SolutionGuid = {F051072B-08EC-4EBF-90EF-8C172BC1974D}
	EndGlobalSection
EndGlobal
